
Microsoft Visual Studio Solution File, Format Version 12.00
# Visual Studio Version 17
VisualStudioVersion = 17.12.35707.178
MinimumVisualStudioVersion = 10.0.40219.1
Project("{FAE04EC0-301F-11D3-BF4B-00C04F79EFBC}") = "Gradebook.Core", "Gradebook.Core\Gradebook.Core.csproj", "{AF58DC6F-9079-4F7E-BC0F-82BA15160723}"
EndProject
Project("{FAE04EC0-301F-11D3-BF4B-00C04F79EFBC}") = "Gradebook.DAL", "Gradebook.DAL\Gradebook.DAL.csproj", "{DD47B8A8-AABF-49F7-8D1C-3D49A45B195F}"
EndProject
Project("{FAE04EC0-301F-11D3-BF4B-00C04F79EFBC}") = "Gradebook.BLL", "Gradebook.BLL\Gradebook.BLL.csproj", "{C5A52447-9D0E-4F2E-B9E9-3A4200ECE126}"
EndProject
Project("{FAE04EC0-301F-11D3-BF4B-00C04F79EFBC}") = "Gradebook.PL", "Gradebook.PL\Gradebook.PL.csproj", "{68C94AFC-4C02-4B7B-B62C-88A4A1349B10}"
EndProject
Project("{FAE04EC0-301F-11D3-BF4B-00C04F79EFBC}") = "Gradebook.Tests", "Gradebook.Tests\Gradebook.Tests.csproj", "{EE13CA38-A62D-4EB5-9559-E6E77694060E}"
EndProject
Global
	GlobalSection(SolutionConfigurationPlatforms) = preSolution
		Debug|Any CPU = Debug|Any CPU
		Release|Any CPU = Release|Any CPU
	EndGlobalSection
	GlobalSection(ProjectConfigurationPlatforms) = postSolution
		{AF58DC6F-9079-4F7E-BC0F-82BA15160723}.Debug|Any CPU.ActiveCfg = Debug|Any CPU
		{AF58DC6F-9079-4F7E-BC0F-82BA15160723}.Debug|Any CPU.Build.0 = Debug|Any CPU
		{AF58DC6F-9079-4F7E-BC0F-82BA15160723}.Release|Any CPU.ActiveCfg = Release|Any CPU
		{AF58DC6F-9079-4F7E-BC0F-82BA15160723}.Release|Any CPU.Build.0 = Release|Any CPU
		{DD47B8A8-AABF-49F7-8D1C-3D49A45B195F}.Debug|Any CPU.ActiveCfg = Debug|Any CPU
		{DD47B8A8-AABF-49F7-8D1C-3D49A45B195F}.Debug|Any CPU.Build.0 = Debug|Any CPU
		{DD47B8A8-AABF-49F7-8D1C-3D49A45B195F}.Release|Any CPU.ActiveCfg = Release|Any CPU
		{DD47B8A8-AABF-49F7-8D1C-3D49A45B195F}.Release|Any CPU.Build.0 = Release|Any CPU
		{C5A52447-9D0E-4F2E-B9E9-3A4200ECE126}.Debug|Any CPU.ActiveCfg = Debug|Any CPU
		{C5A52447-9D0E-4F2E-B9E9-3A4200ECE126}.Debug|Any CPU.Build.0 = Debug|Any CPU
		{C5A52447-9D0E-4F2E-B9E9-3A4200ECE126}.Release|Any CPU.ActiveCfg = Release|Any CPU
		{C5A52447-9D0E-4F2E-B9E9-3A4200ECE126}.Release|Any CPU.Build.0 = Release|Any CPU
		{68C94AFC-4C02-4B7B-B62C-88A4A1349B10}.Debug|Any CPU.ActiveCfg = Debug|Any CPU
		{68C94AFC-4C02-4B7B-B62C-88A4A1349B10}.Debug|Any CPU.Build.0 = Debug|Any CPU
		{68C94AFC-4C02-4B7B-B62C-88A4A1349B10}.Release|Any CPU.ActiveCfg = Release|Any CPU
		{68C94AFC-4C02-4B7B-B62C-88A4A1349B10}.Release|Any CPU.Build.0 = Release|Any CPU
		{EE13CA38-A62D-4EB5-9559-E6E77694060E}.Debug|Any CPU.ActiveCfg = Debug|Any CPU
		{EE13CA38-A62D-4EB5-9559-E6E77694060E}.Debug|Any CPU.Build.0 = Debug|Any CPU
		{EE13CA38-A62D-4EB5-9559-E6E77694060E}.Release|Any CPU.ActiveCfg = Release|Any CPU
		{EE13CA38-A62D-4EB5-9559-E6E77694060E}.Release|Any CPU.Build.0 = Release|Any CPU
	EndGlobalSection
	GlobalSection(SolutionProperties) = preSolution
		HideSolutionNode = FALSE
	EndGlobalSection
EndGlobal
