
Microsoft Visual Studio Solution File, Format Version 12.00
# Visual Studio Version 17
VisualStudioVersion = 17.12.35707.178 d17.12
MinimumVisualStudioVersion = 10.0.40219.1
Project("{FAE04EC0-301F-11D3-BF4B-00C04F79EFBC}") = "Lab5", "Lab5\Lab5.csproj", "{CBA033FD-ABA3-443B-B3AD-2FC9EA91599E}"
EndProject
Project("{FAE04EC0-301F-11D3-BF4B-00C04F79EFBC}") = "XTestProject", "XTestProject\XTestProject.csproj", "{01B455AD-E3F4-427E-9F1B-AE5FD2CDB95B}"
EndProject
Global
	GlobalSection(SolutionConfigurationPlatforms) = preSolution
		Debug|Any CPU = Debug|Any CPU
		Release|Any CPU = Release|Any CPU
	EndGlobalSection
	GlobalSection(ProjectConfigurationPlatforms) = postSolution
		{CBA033FD-ABA3-443B-B3AD-2FC9EA91599E}.Debug|Any CPU.ActiveCfg = Debug|Any CPU
		{CBA033FD-ABA3-443B-B3AD-2FC9EA91599E}.Debug|Any CPU.Build.0 = Debug|Any CPU
		{CBA033FD-ABA3-443B-B3AD-2FC9EA91599E}.Release|Any CPU.ActiveCfg = Release|Any CPU
		{CBA033FD-ABA3-443B-B3AD-2FC9EA91599E}.Release|Any CPU.Build.0 = Release|Any CPU
		{01B455AD-E3F4-427E-9F1B-AE5FD2CDB95B}.Debug|Any CPU.ActiveCfg = Debug|Any CPU
		{01B455AD-E3F4-427E-9F1B-AE5FD2CDB95B}.Debug|Any CPU.Build.0 = Debug|Any CPU
		{01B455AD-E3F4-427E-9F1B-AE5FD2CDB95B}.Release|Any CPU.ActiveCfg = Release|Any CPU
		{01B455AD-E3F4-427E-9F1B-AE5FD2CDB95B}.Release|Any CPU.Build.0 = Release|Any CPU
	EndGlobalSection
	GlobalSection(SolutionProperties) = preSolution
		HideSolutionNode = FALSE
	EndGlobalSection
EndGlobal
